
Microsoft Visual Studio Solution File, Format Version 12.00
# Visual Studio Version 17
VisualStudioVersion = 17.2.32616.157
MinimumVisualStudioVersion = 10.0.40219.1
Project("{9A19103F-16F7-4668-BE54-9A1E7A4F7556}") = "FTPUpdaterAPI", "FTPUpdaterAPI.csproj", "{1B9489C4-EF66-4DEB-BD83-1C649DEA2A75}"
EndProject
Global
	GlobalSection(SolutionConfigurationPlatforms) = preSolution
		Debug|Any CPU = Debug|Any CPU
		Release|Any CPU = Release|Any CPU
	EndGlobalSection
	GlobalSection(ProjectConfigurationPlatforms) = postSolution
		{1B9489C4-EF66-4DEB-BD83-1C649DEA2A75}.Debug|Any CPU.ActiveCfg = Debug|Any CPU
		{1B9489C4-EF66-4DEB-BD83-1C649DEA2A75}.Debug|Any CPU.Build.0 = Debug|Any CPU
		{1B9489C4-EF66-4DEB-BD83-1C649DEA2A75}.Release|Any CPU.ActiveCfg = Release|Any CPU
		{1B9489C4-EF66-4DEB-BD83-1C649DEA2A75}.Release|Any CPU.Build.0 = Release|Any CPU
	EndGlobalSection
	GlobalSection(SolutionProperties) = preSolution
		HideSolutionNode = FALSE
	EndGlobalSection
	GlobalSection(ExtensibilityGlobals) = postSolution
		SolutionGuid = {FEDB2F73-79B0-4797-86C5-C6B3615B3773}
	EndGlobalSection
EndGlobal
